// !$*UTF8*$!
{
	archiveVersion = 1;
	classes = {
	};
	objectVersion = 50;
	objects = {

/* Begin PBXBuildFile section */
		0A7623B29B9120A684E66AD8 /* Pods_TestCarousel.framework in Frameworks */ = {isa = PBXBuildFile; fileRef = 5A6488346388FACB38B5772D /* Pods_TestCarousel.framework */; };
		286831652485CFC100D22BE3 /* AppDelegate.swift in Sources */ = {isa = PBXBuildFile; fileRef = 286831642485CFC100D22BE3 /* AppDelegate.swift */; };
		286831672485CFC100D22BE3 /* SceneDelegate.swift in Sources */ = {isa = PBXBuildFile; fileRef = 286831662485CFC100D22BE3 /* SceneDelegate.swift */; };
		286831692485CFC100D22BE3 /* ViewController.swift in Sources */ = {isa = PBXBuildFile; fileRef = 286831682485CFC100D22BE3 /* ViewController.swift */; };
		2868316C2485CFC100D22BE3 /* Main.storyboard in Resources */ = {isa = PBXBuildFile; fileRef = 2868316A2485CFC100D22BE3 /* Main.storyboard */; };
		2868316E2485CFC500D22BE3 /* Assets.xcassets in Resources */ = {isa = PBXBuildFile; fileRef = 2868316D2485CFC500D22BE3 /* Assets.xcassets */; };
		286831712485CFC500D22BE3 /* LaunchScreen.storyboard in Resources */ = {isa = PBXBuildFile; fileRef = 2868316F2485CFC500D22BE3 /* LaunchScreen.storyboard */; };
/* End PBXBuildFile section */

/* Begin PBXFileReference section */
		286831612485CFC100D22BE3 /* TestCarousel.app */ = {isa = PBXFileReference; explicitFileType = wrapper.application; includeInIndex = 0; path = TestCarousel.app; sourceTree = BUILT_PRODUCTS_DIR; };
		286831642485CFC100D22BE3 /* AppDelegate.swift */ = {isa = PBXFileReference; lastKnownFileType = sourcecode.swift; path = AppDelegate.swift; sourceTree = "<group>"; };
		286831662485CFC100D22BE3 /* SceneDelegate.swift */ = {isa = PBXFileReference; lastKnownFileType = sourcecode.swift; path = SceneDelegate.swift; sourceTree = "<group>"; };
		286831682485CFC100D22BE3 /* ViewController.swift */ = {isa = PBXFileReference; lastKnownFileType = sourcecode.swift; path = ViewController.swift; sourceTree = "<group>"; };
		2868316B2485CFC100D22BE3 /* Base */ = {isa = PBXFileReference; lastKnownFileType = file.storyboard; name = Base; path = Base.lproj/Main.storyboard; sourceTree = "<group>"; };
		2868316D2485CFC500D22BE3 /* Assets.xcassets */ = {isa = PBXFileReference; lastKnownFileType = folder.assetcatalog; path = Assets.xcassets; sourceTree = "<group>"; };
		286831702485CFC500D22BE3 /* Base */ = {isa = PBXFileReference; lastKnownFileType = file.storyboard; name = Base; path = Base.lproj/LaunchScreen.storyboard; sourceTree = "<group>"; };
		286831722485CFC500D22BE3 /* Info.plist */ = {isa = PBXFileReference; lastKnownFileType = text.plist.xml; path = Info.plist; sourceTree = "<group>"; };
		4464E36D817796F1658FC955 /* Pods-TestCarousel.release.xcconfig */ = {isa = PBXFileReference; includeInIndex = 1; lastKnownFileType = text.xcconfig; name = "Pods-TestCarousel.release.xcconfig"; path = "Target Support Files/Pods-TestCarousel/Pods-TestCarousel.release.xcconfig"; sourceTree = "<group>"; };
		5A6488346388FACB38B5772D /* Pods_TestCarousel.framework */ = {isa = PBXFileReference; explicitFileType = wrapper.framework; includeInIndex = 0; path = Pods_TestCarousel.framework; sourceTree = BUILT_PRODUCTS_DIR; };
		7BA0439D06F7F76C162EAD07 /* Pods-TestCarousel.debug.xcconfig */ = {isa = PBXFileReference; includeInIndex = 1; lastKnownFileType = text.xcconfig; name = "Pods-TestCarousel.debug.xcconfig"; path = "Target Support Files/Pods-TestCarousel/Pods-TestCarousel.debug.xcconfig"; sourceTree = "<group>"; };
/* End PBXFileReference section */

/* Begin PBXFrameworksBuildPhase section */
		2868315E2485CFC100D22BE3 /* Frameworks */ = {
			isa = PBXFrameworksBuildPhase;
			buildActionMask = 2147483647;
			files = (
				0A7623B29B9120A684E66AD8 /* Pods_TestCarousel.framework in Frameworks */,
			);
			runOnlyForDeploymentPostprocessing = 0;
		};
/* End PBXFrameworksBuildPhase section */

/* Begin PBXGroup section */
		286831582485CFC100D22BE3 = {
			isa = PBXGroup;
			children = (
				286831632485CFC100D22BE3 /* TestCarousel */,
				286831622485CFC100D22BE3 /* Products */,
				C993033FBD8E999940843478 /* Pods */,
				99D3C6C06F212AA3C2C703CC /* Frameworks */,
			);
			sourceTree = "<group>";
		};
		286831622485CFC100D22BE3 /* Products */ = {
			isa = PBXGroup;
			children = (
				286831612485CFC100D22BE3 /* TestCarousel.app */,
			);
			name = Products;
			sourceTree = "<group>";
		};
		286831632485CFC100D22BE3 /* TestCarousel */ = {
			isa = PBXGroup;
			children = (
				286831642485CFC100D22BE3 /* AppDelegate.swift */,
				286831662485CFC100D22BE3 /* SceneDelegate.swift */,
				286831682485CFC100D22BE3 /* ViewController.swift */,
				2868316A2485CFC100D22BE3 /* Main.storyboard */,
				2868316D2485CFC500D22BE3 /* Assets.xcassets */,
				2868316F2485CFC500D22BE3 /* LaunchScreen.storyboard */,
				286831722485CFC500D22BE3 /* Info.plist */,
			);
			path = TestCarousel;
			sourceTree = "<group>";
		};
		99D3C6C06F212AA3C2C703CC /* Frameworks */ = {
			isa = PBXGroup;
			children = (
				5A6488346388FACB38B5772D /* Pods_TestCarousel.framework */,
			);
			name = Frameworks;
			sourceTree = "<group>";
		};
		C993033FBD8E999940843478 /* Pods */ = {
			isa = PBXGroup;
			children = (
				7BA0439D06F7F76C162EAD07 /* Pods-TestCarousel.debug.xcconfig */,
				4464E36D817796F1658FC955 /* Pods-TestCarousel.release.xcconfig */,
			);
			name = Pods;
			path = Pods;
			sourceTree = "<group>";
		};
/* End PBXGroup section */

/* Begin PBXNativeTarget section */
		286831602485CFC100D22BE3 /* TestCarousel */ = {
			isa = PBXNativeTarget;
			buildConfigurationList = 286831752485CFC500D22BE3 /* Build configuration list for PBXNativeTarget "TestCarousel" */;
			buildPhases = (
				EC4EE979864936E532BFB219 /* [CP] Check Pods Manifest.lock */,
				2868315D2485CFC100D22BE3 /* Sources */,
				2868315E2485CFC100D22BE3 /* Frameworks */,
				2868315F2485CFC100D22BE3 /* Resources */,
				310D5E12D88685A8AB1DE2D5 /* [CP] Embed Pods Frameworks */,
			);
			buildRules = (
			);
			dependencies = (
			);
			name = TestCarousel;
			productName = TestCarousel;
			productReference = 286831612485CFC100D22BE3 /* TestCarousel.app */;
			productType = "com.apple.product-type.application";
		};
/* End PBXNativeTarget section */

/* Begin PBXProject section */
		286831592485CFC100D22BE3 /* Project object */ = {
			isa = PBXProject;
			attributes = {
				LastSwiftUpdateCheck = 1140;
				LastUpgradeCheck = 1140;
				ORGANIZATIONNAME = KAYCAM;
				TargetAttributes = {
					286831602485CFC100D22BE3 = {
						CreatedOnToolsVersion = 11.4.1;
					};
				};
			};
			buildConfigurationList = 2868315C2485CFC100D22BE3 /* Build configuration list for PBXProject "TestCarousel" */;
			compatibilityVersion = "Xcode 9.3";
			developmentRegion = en;
			hasScannedForEncodings = 0;
			knownRegions = (
				en,
				Base,
			);
			mainGroup = 286831582485CFC100D22BE3;
			productRefGroup = 286831622485CFC100D22BE3 /* Products */;
			projectDirPath = "";
			projectRoot = "";
			targets = (
				286831602485CFC100D22BE3 /* TestCarousel */,
			);
		};
/* End PBXProject section */

/* Begin PBXResourcesBuildPhase section */
		2868315F2485CFC100D22BE3 /* Resources */ = {
			isa = PBXResourcesBuildPhase;
			buildActionMask = 2147483647;
			files = (
				286831712485CFC500D22BE3 /* LaunchScreen.storyboard in Resources */,
				2868316E2485CFC500D22BE3 /* Assets.xcassets in Resources */,
				2868316C2485CFC100D22BE3 /* Main.storyboard in Resources */,
			);
			runOnlyForDeploymentPostprocessing = 0;
		};
/* End PBXResourcesBuildPhase section */

/* Begin PBXShellScriptBuildPhase section */
		310D5E12D88685A8AB1DE2D5 /* [CP] Embed Pods Frameworks */ = {
			isa = PBXShellScriptBuildPhase;
			buildActionMask = 2147483647;
			files = (
			);
			inputFileListPaths = (
				"${PODS_ROOT}/Target Support Files/Pods-TestCarousel/Pods-TestCarousel-frameworks-${CONFIGURATION}-input-files.xcfilelist",
			);
			name = "[CP] Embed Pods Frameworks";
			outputFileListPaths = (
				"${PODS_ROOT}/Target Support Files/Pods-TestCarousel/Pods-TestCarousel-frameworks-${CONFIGURATION}-output-files.xcfilelist",
			);
			runOnlyForDeploymentPostprocessing = 0;
			shellPath = /bin/sh;
			shellScript = "\"${PODS_ROOT}/Target Support Files/Pods-TestCarousel/Pods-TestCarousel-frameworks.sh\"\n";
			showEnvVarsInLog = 0;
		};
		EC4EE979864936E532BFB219 /* [CP] Check Pods Manifest.lock */ = {
			isa = PBXShellScriptBuildPhase;
			buildActionMask = 2147483647;
			files = (
			);
			inputFileListPaths = (
			);
			inputPaths = (
				"${PODS_PODFILE_DIR_PATH}/Podfile.lock",
				"${PODS_ROOT}/Manifest.lock",
			);
			name = "[CP] Check Pods Manifest.lock";
			outputFileListPaths = (
			);
			outputPaths = (
				"$(DERIVED_FILE_DIR)/Pods-TestCarousel-checkManifestLockResult.txt",
			);
			runOnlyForDeploymentPostprocessing = 0;
			shellPath = /bin/sh;
			shellScript = "diff \"${PODS_PODFILE_DIR_PATH}/Podfile.lock\" \"${PODS_ROOT}/Manifest.lock\" > /dev/null\nif [ $? != 0 ] ; then\n    # print error to STDERR\n    echo \"error: The sandbox is not in sync with the Podfile.lock. Run 'pod install' or update your CocoaPods installation.\" >&2\n    exit 1\nfi\n# This output is used by Xcode 'outputs' to avoid re-running this script phase.\necho \"SUCCESS\" > \"${SCRIPT_OUTPUT_FILE_0}\"\n";
			showEnvVarsInLog = 0;
		};
/* End PBXShellScriptBuildPhase section */

/* Begin PBXSourcesBuildPhase section */
		2868315D2485CFC100D22BE3 /* Sources */ = {
			isa = PBXSourcesBuildPhase;
			buildActionMask = 2147483647;
			files = (
				286831692485CFC100D22BE3 /* ViewController.swift in Sources */,
				286831652485CFC100D22BE3 /* AppDelegate.swift in Sources */,
				286831672485CFC100D22BE3 /* SceneDelegate.swift in Sources */,
			);
			runOnlyForDeploymentPostprocessing = 0;
		};
/* End PBXSourcesBuildPhase section */

/* Begin PBXVariantGroup section */
		2868316A2485CFC100D22BE3 /* Main.storyboard */ = {
			isa = PBXVariantGroup;
			children = (
				2868316B2485CFC100D22BE3 /* Base */,
			);
			name = Main.storyboard;
			sourceTree = "<group>";
		};
		2868316F2485CFC500D22BE3 /* LaunchScreen.storyboard */ = {
			isa = PBXVariantGroup;
			children = (
				286831702485CFC500D22BE3 /* Base */,
			);
			name = LaunchScreen.storyboard;
			sourceTree = "<group>";
		};
/* End PBXVariantGroup section */

/* Begin XCBuildConfiguration section */
		286831732485CFC500D22BE3 /* Debug */ = {
			isa = XCBuildConfiguration;
			buildSettings = {
				ALWAYS_SEARCH_USER_PATHS = NO;
				CLANG_ANALYZER_NONNULL = YES;
				CLANG_ANALYZER_NUMBER_OBJECT_CONVERSION = YES_AGGRESSIVE;
				CLANG_CXX_LANGUAGE_STANDARD = "gnu++14";
				CLANG_CXX_LIBRARY = "libc++";
				CLANG_ENABLE_MODULES = YES;
				CLANG_ENABLE_OBJC_ARC = YES;
				CLANG_ENABLE_OBJC_WEAK = YES;
				CLANG_WARN_BLOCK_CAPTURE_AUTORELEASING = YES;
				CLANG_WARN_BOOL_CONVERSION = YES;
				CLANG_WARN_COMMA = YES;
				CLANG_WARN_CONSTANT_CONVERSION = YES;
				CLANG_WARN_DEPRECATED_OBJC_IMPLEMENTATIONS = YES;
				CLANG_WARN_DIRECT_OBJC_ISA_USAGE = YES_ERROR;
				CLANG_WARN_DOCUMENTATION_COMMENTS = YES;
				CLANG_WARN_EMPTY_BODY = YES;
				CLANG_WARN_ENUM_CONVERSION = YES;
				CLANG_WARN_INFINITE_RECURSION = YES;
				CLANG_WARN_INT_CONVERSION = YES;
				CLANG_WARN_NON_LITERAL_NULL_CONVERSION = YES;
				CLANG_WARN_OBJC_IMPLICIT_RETAIN_SELF = YES;
				CLANG_WARN_OBJC_LITERAL_CONVERSION = YES;
				CLANG_WARN_OBJC_ROOT_CLASS = YES_ERROR;
				CLANG_WARN_RANGE_LOOP_ANALYSIS = YES;
				CLANG_WARN_STRICT_PROTOTYPES = YES;
				CLANG_WARN_SUSPICIOUS_MOVE = YES;
				CLANG_WARN_UNGUARDED_AVAILABILITY = YES_AGGRESSIVE;
				CLANG_WARN_UNREACHABLE_CODE = YES;
				CLANG_WARN__DUPLICATE_METHOD_MATCH = YES;
				COPY_PHASE_STRIP = NO;
				DEBUG_INFORMATION_FORMAT = dwarf;
				ENABLE_STRICT_OBJC_MSGSEND = YES;
				ENABLE_TESTABILITY = YES;
				GCC_C_LANGUAGE_STANDARD = gnu11;
				GCC_DYNAMIC_NO_PIC = NO;
				GCC_NO_COMMON_BLOCKS = YES;
				GCC_OPTIMIZATION_LEVEL = 0;
				GCC_PREPROCESSOR_DEFINITIONS = (
					"DEBUG=1",
					"$(inherited)",
				);
				GCC_WARN_64_TO_32_BIT_CONVERSION = YES;
				GCC_WARN_ABOUT_RETURN_TYPE = YES_ERROR;
				GCC_WARN_UNDECLARED_SELECTOR = YES;
				GCC_WARN_UNINITIALIZED_AUTOS = YES_AGGRESSIVE;
				GCC_WARN_UNUSED_FUNCTION = YES;
				GCC_WARN_UNUSED_VARIABLE = YES;
				IPHONEOS_DEPLOYMENT_TARGET = 13.4;
				MTL_ENABLE_DEBUG_INFO = INCLUDE_SOURCE;
				MTL_FAST_MATH = YES;
				ONLY_ACTIVE_ARCH = YES;
				SDKROOT = iphoneos;
				SWIFT_ACTIVE_COMPILATION_CONDITIONS = DEBUG;
				SWIFT_OPTIMIZATION_LEVEL = "-Onone";
			};
			name = Debug;
		};
		286831742485CFC500D22BE3 /* Release */ = {
			isa = XCBuildConfiguration;
			buildSettings = {
				ALWAYS_SEARCH_USER_PATHS = NO;
				CLANG_ANALYZER_NONNULL = YES;
				CLANG_ANALYZER_NUMBER_OBJECT_CONVERSION = YES_AGGRESSIVE;
				CLANG_CXX_LANGUAGE_STANDARD = "gnu++14";
				CLANG_CXX_LIBRARY = "libc++";
				CLANG_ENABLE_MODULES = YES;
				CLANG_ENABLE_OBJC_ARC = YES;
				CLANG_ENABLE_OBJC_WEAK = YES;
				CLANG_WARN_BLOCK_CAPTURE_AUTORELEASING = YES;
				CLANG_WARN_BOOL_CONVERSION = YES;
				CLANG_WARN_COMMA = YES;
				CLANG_WARN_CONSTANT_CONVERSION = YES;
				CLANG_WARN_DEPRECATED_OBJC_IMPLEMENTATIONS = YES;
				CLANG_WARN_DIRECT_OBJC_ISA_USAGE = YES_ERROR;
				CLANG_WARN_DOCUMENTATION_COMMENTS = YES;
				CLANG_WARN_EMPTY_BODY = YES;
				CLANG_WARN_ENUM_CONVERSION = YES;
				CLANG_WARN_INFINITE_RECURSION = YES;
				CLANG_WARN_INT_CONVERSION = YES;
				CLANG_WARN_NON_LITERAL_NULL_CONVERSION = YES;
				CLANG_WARN_OBJC_IMPLICIT_RETAIN_SELF = YES;
				CLANG_WARN_OBJC_LITERAL_CONVERSION = YES;
				CLANG_WARN_OBJC_ROOT_CLASS = YES_ERROR;
				CLANG_WARN_RANGE_LOOP_ANALYSIS = YES;
				CLANG_WARN_STRICT_PROTOTYPES = YES;
				CLANG_WARN_SUSPICIOUS_MOVE = YES;
				CLANG_WARN_UNGUARDED_AVAILABILITY = YES_AGGRESSIVE;
				CLANG_WARN_UNREACHABLE_CODE = YES;
				CLANG_WARN__DUPLICATE_METHOD_MATCH = YES;
				COPY_PHASE_STRIP = NO;
				DEBUG_INFORMATION_FORMAT = "dwarf-with-dsym";
				ENABLE_NS_ASSERTIONS = NO;
				ENABLE_STRICT_OBJC_MSGSEND = YES;
				GCC_C_LANGUAGE_STANDARD = gnu11;
				GCC_NO_COMMON_BLOCKS = YES;
				GCC_WARN_64_TO_32_BIT_CONVERSION = YES;
				GCC_WARN_ABOUT_RETURN_TYPE = YES_ERROR;
				GCC_WARN_UNDECLARED_SELECTOR = YES;
				GCC_WARN_UNINITIALIZED_AUTOS = YES_AGGRESSIVE;
				GCC_WARN_UNUSED_FUNCTION = YES;
				GCC_WARN_UNUSED_VARIABLE = YES;
				IPHONEOS_DEPLOYMENT_TARGET = 13.4;
				MTL_ENABLE_DEBUG_INFO = NO;
				MTL_FAST_MATH = YES;
				SDKROOT = iphoneos;
				SWIFT_COMPILATION_MODE = wholemodule;
				SWIFT_OPTIMIZATION_LEVEL = "-O";
				VALIDATE_PRODUCT = YES;
			};
			name = Release;
		};
		286831762485CFC500D22BE3 /* Debug */ = {
			isa = XCBuildConfiguration;
			baseConfigurationReference = 7BA0439D06F7F76C162EAD07 /* Pods-TestCarousel.debug.xcconfig */;
			buildSettings = {
				ASSETCATALOG_COMPILER_APPICON_NAME = AppIcon;
				CODE_SIGN_STYLE = Automatic;
				DEVELOPMENT_TEAM = EVFZH768BB;
				INFOPLIST_FILE = TestCarousel/Info.plist;
				LD_RUNPATH_SEARCH_PATHS = (
					"$(inherited)",
					"@executable_path/Frameworks",
				);
				PRODUCT_BUNDLE_IDENTIFIER = com.KAYCAM.TestCarousel;
				PRODUCT_NAME = "$(TARGET_NAME)";
				SWIFT_VERSION = 5.0;
				TARGETED_DEVICE_FAMILY = "1,2";
			};
			name = Debug;
		};
		286831772485CFC500D22BE3 /* Release */ = {
			isa = XCBuildConfiguration;
			baseConfigurationReference = 4464E36D817796F1658FC955 /* Pods-TestCarousel.release.xcconfig */;
			buildSettings = {
				ASSETCATALOG_COMPILER_APPICON_NAME = AppIcon;
				CODE_SIGN_STYLE = Automatic;
				DEVELOPMENT_TEAM = EVFZH768BB;
				INFOPLIST_FILE = TestCarousel/Info.plist;
				LD_RUNPATH_SEARCH_PATHS = (
					"$(inherited)",
					"@executable_path/Frameworks",
				);
				PRODUCT_BUNDLE_IDENTIFIER = com.KAYCAM.TestCarousel;
				PRODUCT_NAME = "$(TARGET_NAME)";
				SWIFT_VERSION = 5.0;
				TARGETED_DEVICE_FAMILY = "1,2";
			};
			name = Release;
		};
/* End XCBuildConfiguration section */

/* Begin XCConfigurationList section */
		2868315C2485CFC100D22BE3 /* Build configuration list for PBXProject "TestCarousel" */ = {
			isa = XCConfigurationList;
			buildConfigurations = (
				286831732485CFC500D22BE3 /* Debug */,
				286831742485CFC500D22BE3 /* Release */,
			);
			defaultConfigurationIsVisible = 0;
			defaultConfigurationName = Release;
		};
		286831752485CFC500D22BE3 /* Build configuration list for PBXNativeTarget "TestCarousel" */ = {
			isa = XCConfigurationList;
			buildConfigurations = (
				286831762485CFC500D22BE3 /* Debug */,
				286831772485CFC500D22BE3 /* Release */,
			);
			defaultConfigurationIsVisible = 0;
			defaultConfigurationName = Release;
		};
/* End XCConfigurationList section */
	};
	rootObject = 286831592485CFC100D22BE3 /* Project object */;
}
